
Microsoft Visual Studio Solution File, Format Version 12.00
# Visual Studio Version 17
VisualStudioVersion = 17.9.34714.143
MinimumVisualStudioVersion = 10.0.40219.1
Project("{FAE04EC0-301F-11D3-BF4B-00C04F79EFBC}") = "Matrix-Thread", "Matrix-Thread.csproj", "{FCDDAFB1-20A9-49CB-99F2-49888D0F9E14}"
EndProject
Global
	GlobalSection(SolutionConfigurationPlatforms) = preSolution
		Debug|Any CPU = Debug|Any CPU
		Release|Any CPU = Release|Any CPU
	EndGlobalSection
	GlobalSection(ProjectConfigurationPlatforms) = postSolution
		{FCDDAFB1-20A9-49CB-99F2-49888D0F9E14}.Debug|Any CPU.ActiveCfg = Debug|Any CPU
		{FCDDAFB1-20A9-49CB-99F2-49888D0F9E14}.Debug|Any CPU.Build.0 = Debug|Any CPU
		{FCDDAFB1-20A9-49CB-99F2-49888D0F9E14}.Release|Any CPU.ActiveCfg = Release|Any CPU
		{FCDDAFB1-20A9-49CB-99F2-49888D0F9E14}.Release|Any CPU.Build.0 = Release|Any CPU
	EndGlobalSection
	GlobalSection(SolutionProperties) = preSolution
		HideSolutionNode = FALSE
	EndGlobalSection
	GlobalSection(ExtensibilityGlobals) = postSolution
		SolutionGuid = {8C08DB04-C109-4484-8D6B-353A1493440E}
	EndGlobalSection
EndGlobal
