
Microsoft Visual Studio Solution File, Format Version 12.00
# Visual Studio Version 17
VisualStudioVersion = 17.9.34728.123
MinimumVisualStudioVersion = 10.0.40219.1
Project("{FAE04EC0-301F-11D3-BF4B-00C04F79EFBC}") = "Movie_blazor", "Movie_blazor.csproj", "{0097E900-EF89-46C3-9FA9-19FE1A0FC72C}"
EndProject
Global
	GlobalSection(SolutionConfigurationPlatforms) = preSolution
		Debug|Any CPU = Debug|Any CPU
		Release|Any CPU = Release|Any CPU
	EndGlobalSection
	GlobalSection(ProjectConfigurationPlatforms) = postSolution
		{0097E900-EF89-46C3-9FA9-19FE1A0FC72C}.Debug|Any CPU.ActiveCfg = Debug|Any CPU
		{0097E900-EF89-46C3-9FA9-19FE1A0FC72C}.Debug|Any CPU.Build.0 = Debug|Any CPU
		{0097E900-EF89-46C3-9FA9-19FE1A0FC72C}.Release|Any CPU.ActiveCfg = Release|Any CPU
		{0097E900-EF89-46C3-9FA9-19FE1A0FC72C}.Release|Any CPU.Build.0 = Release|Any CPU
	EndGlobalSection
	GlobalSection(SolutionProperties) = preSolution
		HideSolutionNode = FALSE
	EndGlobalSection
	GlobalSection(ExtensibilityGlobals) = postSolution
		SolutionGuid = {F0DD1992-C2B7-4688-9E8F-3EE9CA0BB902}
	EndGlobalSection
EndGlobal
