
Microsoft Visual Studio Solution File, Format Version 12.00
# Visual Studio Version 17
VisualStudioVersion = 17.9.34622.214
MinimumVisualStudioVersion = 10.0.40219.1
Project("{9A19103F-16F7-4668-BE54-9A1E7A4F7556}") = "Weather_api", "Weather_api.csproj", "{FEB4E66B-E65E-4FC2-883E-EBC9D09EF9D1}"
EndProject
Global
	GlobalSection(SolutionConfigurationPlatforms) = preSolution
		Debug|Any CPU = Debug|Any CPU
		Release|Any CPU = Release|Any CPU
	EndGlobalSection
	GlobalSection(ProjectConfigurationPlatforms) = postSolution
		{FEB4E66B-E65E-4FC2-883E-EBC9D09EF9D1}.Debug|Any CPU.ActiveCfg = Debug|Any CPU
		{FEB4E66B-E65E-4FC2-883E-EBC9D09EF9D1}.Debug|Any CPU.Build.0 = Debug|Any CPU
		{FEB4E66B-E65E-4FC2-883E-EBC9D09EF9D1}.Release|Any CPU.ActiveCfg = Release|Any CPU
		{FEB4E66B-E65E-4FC2-883E-EBC9D09EF9D1}.Release|Any CPU.Build.0 = Release|Any CPU
	EndGlobalSection
	GlobalSection(SolutionProperties) = preSolution
		HideSolutionNode = FALSE
	EndGlobalSection
	GlobalSection(ExtensibilityGlobals) = postSolution
		SolutionGuid = {C86F8F8A-6521-4FD5-BB2C-D27946738C12}
	EndGlobalSection
EndGlobal
